
Microsoft Visual Studio Solution File, Format Version 12.00
# Visual Studio Version 17
VisualStudioVersion = 17.0.32014.148
MinimumVisualStudioVersion = 10.0.40219.1
Project("{FAE04EC0-301F-11D3-BF4B-00C04F79EFBC}") = "NEWLOOK", "NEWLOOK\NEWLOOK.csproj", "{895A1A93-E320-47F9-B26B-DEE8B7C791B1}"
EndProject
Global
	GlobalSection(SolutionConfigurationPlatforms) = preSolution
		Debug|Any CPU = Debug|Any CPU
		Release|Any CPU = Release|Any CPU
	EndGlobalSection
	GlobalSection(ProjectConfigurationPlatforms) = postSolution
		{895A1A93-E320-47F9-B26B-DEE8B7C791B1}.Debug|Any CPU.ActiveCfg = Debug|Any CPU
		{895A1A93-E320-47F9-B26B-DEE8B7C791B1}.Debug|Any CPU.Build.0 = Debug|Any CPU
		{895A1A93-E320-47F9-B26B-DEE8B7C791B1}.Release|Any CPU.ActiveCfg = Release|Any CPU
		{895A1A93-E320-47F9-B26B-DEE8B7C791B1}.Release|Any CPU.Build.0 = Release|Any CPU
	EndGlobalSection
	GlobalSection(SolutionProperties) = preSolution
		HideSolutionNode = FALSE
	EndGlobalSection
	GlobalSection(ExtensibilityGlobals) = postSolution
		SolutionGuid = {6391642C-2B3C-4213-8B30-3A5D28654033}
	EndGlobalSection
EndGlobal
